// !$*UTF8*$!
{
	archiveVersion = 1;
	classes = {
	};
	objectVersion = 50;
	objects = {

/* Begin PBXBuildFile section */
		5A86318D259F0AFD00FC8C7E /* mapview.swift in Sources */ = {isa = PBXBuildFile; fileRef = 5A86318C259F0AFD00FC8C7E /* mapview.swift */; };
		5A8FD97D259DAE7800DF4279 /* circle.swift in Sources */ = {isa = PBXBuildFile; fileRef = 5A8FD97C259DAE7800DF4279 /* circle.swift */; };
		5AAF9B92259C044100CEEEDC /* wesplitApp.swift in Sources */ = {isa = PBXBuildFile; fileRef = 5AAF9B91259C044100CEEEDC /* wesplitApp.swift */; };
		5AAF9B94259C044100CEEEDC /* ContentView.swift in Sources */ = {isa = PBXBuildFile; fileRef = 5AAF9B93259C044100CEEEDC /* ContentView.swift */; };
		5AAF9B96259C044600CEEEDC /* Assets.xcassets in Resources */ = {isa = PBXBuildFile; fileRef = 5AAF9B95259C044600CEEEDC /* Assets.xcassets */; };
		5AAF9B99259C044600CEEEDC /* Preview Assets.xcassets in Resources */ = {isa = PBXBuildFile; fileRef = 5AAF9B98259C044600CEEEDC /* Preview Assets.xcassets */; };
/* End PBXBuildFile section */

/* Begin PBXFileReference section */
		5A86318C259F0AFD00FC8C7E /* mapview.swift */ = {isa = PBXFileReference; lastKnownFileType = sourcecode.swift; path = mapview.swift; sourceTree = "<group>"; };
		5A8FD97C259DAE7800DF4279 /* circle.swift */ = {isa = PBXFileReference; lastKnownFileType = sourcecode.swift; path = circle.swift; sourceTree = "<group>"; };
		5AAF9B8E259C044100CEEEDC /* wesplit.app */ = {isa = PBXFileReference; explicitFileType = wrapper.application; includeInIndex = 0; path = wesplit.app; sourceTree = BUILT_PRODUCTS_DIR; };
		5AAF9B91259C044100CEEEDC /* wesplitApp.swift */ = {isa = PBXFileReference; lastKnownFileType = sourcecode.swift; path = wesplitApp.swift; sourceTree = "<group>"; };
		5AAF9B93259C044100CEEEDC /* ContentView.swift */ = {isa = PBXFileReference; lastKnownFileType = sourcecode.swift; path = ContentView.swift; sourceTree = "<group>"; };
		5AAF9B95259C044600CEEEDC /* Assets.xcassets */ = {isa = PBXFileReference; lastKnownFileType = folder.assetcatalog; path = Assets.xcassets; sourceTree = "<group>"; };
		5AAF9B98259C044600CEEEDC /* Preview Assets.xcassets */ = {isa = PBXFileReference; lastKnownFileType = folder.assetcatalog; path = "Preview Assets.xcassets"; sourceTree = "<group>"; };
		5AAF9B9A259C044600CEEEDC /* Info.plist */ = {isa = PBXFileReference; lastKnownFileType = text.plist.xml; path = Info.plist; sourceTree = "<group>"; };
/* End PBXFileReference section */

/* Begin PBXFrameworksBuildPhase section */
		5AAF9B8B259C044100CEEEDC /* Frameworks */ = {
			isa = PBXFrameworksBuildPhase;
			buildActionMask = 2147483647;
			files = (
			);
			runOnlyForDeploymentPostprocessing = 0;
		};
/* End PBXFrameworksBuildPhase section */

/* Begin PBXGroup section */
		5A86318F259F11F300FC8C7E /* detailview */ = {
			isa = PBXGroup;
			children = (
				5A863190259F128C00FC8C7E /* listview */,
				5A86318C259F0AFD00FC8C7E /* mapview.swift */,
				5A8FD97C259DAE7800DF4279 /* circle.swift */,
				5AAF9B93259C044100CEEEDC /* ContentView.swift */,
			);
			path = detailview;
			sourceTree = "<group>";
		};
		5A863190259F128C00FC8C7E /* listview */ = {
			isa = PBXGroup;
			children = (
			);
			path = listview;
			sourceTree = "<group>";
		};
		5A863191259F12A900FC8C7E /* data */ = {
			isa = PBXGroup;
			children = (
			);
			path = data;
			sourceTree = "<group>";
		};
		5A863192259F12BD00FC8C7E /* models */ = {
			isa = PBXGroup;
			children = (
			);
			path = models;
			sourceTree = "<group>";
		};
		5AAF9B85259C044100CEEEDC = {
			isa = PBXGroup;
			children = (
				5AAF9B90259C044100CEEEDC /* wesplit */,
				5AAF9B8F259C044100CEEEDC /* Products */,
			);
			sourceTree = "<group>";
		};
		5AAF9B8F259C044100CEEEDC /* Products */ = {
			isa = PBXGroup;
			children = (
				5AAF9B8E259C044100CEEEDC /* wesplit.app */,
			);
			name = Products;
			sourceTree = "<group>";
		};
		5AAF9B90259C044100CEEEDC /* wesplit */ = {
			isa = PBXGroup;
			children = (
				5A863192259F12BD00FC8C7E /* models */,
				5A863191259F12A900FC8C7E /* data */,
				5A86318F259F11F300FC8C7E /* detailview */,
				5AAF9B91259C044100CEEEDC /* wesplitApp.swift */,
				5AAF9B95259C044600CEEEDC /* Assets.xcassets */,
				5AAF9B9A259C044600CEEEDC /* Info.plist */,
				5AAF9B97259C044600CEEEDC /* Preview Content */,
			);
			path = wesplit;
			sourceTree = "<group>";
		};
		5AAF9B97259C044600CEEEDC /* Preview Content */ = {
			isa = PBXGroup;
			children = (
				5AAF9B98259C044600CEEEDC /* Preview Assets.xcassets */,
			);
			path = "Preview Content";
			sourceTree = "<group>";
		};
/* End PBXGroup section */

/* Begin PBXNativeTarget section */
		5AAF9B8D259C044100CEEEDC /* wesplit */ = {
			isa = PBXNativeTarget;
			buildConfigurationList = 5AAF9B9D259C044600CEEEDC /* Build configuration list for PBXNativeTarget "wesplit" */;
			buildPhases = (
				5AAF9B8A259C044100CEEEDC /* Sources */,
				5AAF9B8B259C044100CEEEDC /* Frameworks */,
				5AAF9B8C259C044100CEEEDC /* Resources */,
			);
			buildRules = (
			);
			dependencies = (
			);
			name = wesplit;
			productName = wesplit;
			productReference = 5AAF9B8E259C044100CEEEDC /* wesplit.app */;
			productType = "com.apple.product-type.application";
		};
/* End PBXNativeTarget section */

/* Begin PBXProject section */
		5AAF9B86259C044100CEEEDC /* Project object */ = {
			isa = PBXProject;
			attributes = {
				LastSwiftUpdateCheck = 1220;
				LastUpgradeCheck = 1220;
				TargetAttributes = {
					5AAF9B8D259C044100CEEEDC = {
						CreatedOnToolsVersion = 12.2;
					};
				};
			};
			buildConfigurationList = 5AAF9B89259C044100CEEEDC /* Build configuration list for PBXProject "wesplit" */;
			compatibilityVersion = "Xcode 9.3";
			developmentRegion = en;
			hasScannedForEncodings = 0;
			knownRegions = (
				en,
				Base,
			);
			mainGroup = 5AAF9B85259C044100CEEEDC;
			productRefGroup = 5AAF9B8F259C044100CEEEDC /* Products */;
			projectDirPath = "";
			projectRoot = "";
			targets = (
				5AAF9B8D259C044100CEEEDC /* wesplit */,
			);
		};
/* End PBXProject section */

/* Begin PBXResourcesBuildPhase section */
		5AAF9B8C259C044100CEEEDC /* Resources */ = {
			isa = PBXResourcesBuildPhase;
			buildActionMask = 2147483647;
			files = (
				5AAF9B99259C044600CEEEDC /* Preview Assets.xcassets in Resources */,
				5AAF9B96259C044600CEEEDC /* Assets.xcassets in Resources */,
			);
			runOnlyForDeploymentPostprocessing = 0;
		};
/* End PBXResourcesBuildPhase section */

/* Begin PBXSourcesBuildPhase section */
		5AAF9B8A259C044100CEEEDC /* Sources */ = {
			isa = PBXSourcesBuildPhase;
			buildActionMask = 2147483647;
			files = (
				5A8FD97D259DAE7800DF4279 /* circle.swift in Sources */,
				5A86318D259F0AFD00FC8C7E /* mapview.swift in Sources */,
				5AAF9B94259C044100CEEEDC /* ContentView.swift in Sources */,
				5AAF9B92259C044100CEEEDC /* wesplitApp.swift in Sources */,
			);
			runOnlyForDeploymentPostprocessing = 0;
		};
/* End PBXSourcesBuildPhase section */

/* Begin XCBuildConfiguration section */
		5AAF9B9B259C044600CEEEDC /* Debug */ = {
			isa = XCBuildConfiguration;
			buildSettings = {
				ALWAYS_SEARCH_USER_PATHS = NO;
				CLANG_ANALYZER_NONNULL = YES;
				CLANG_ANALYZER_NUMBER_OBJECT_CONVERSION = YES_AGGRESSIVE;
				CLANG_CXX_LANGUAGE_STANDARD = "gnu++14";
				CLANG_CXX_LIBRARY = "libc++";
				CLANG_ENABLE_MODULES = YES;
				CLANG_ENABLE_OBJC_ARC = YES;
				CLANG_ENABLE_OBJC_WEAK = YES;
				CLANG_WARN_BLOCK_CAPTURE_AUTORELEASING = YES;
				CLANG_WARN_BOOL_CONVERSION = YES;
				CLANG_WARN_COMMA = YES;
				CLANG_WARN_CONSTANT_CONVERSION = YES;
				CLANG_WARN_DEPRECATED_OBJC_IMPLEMENTATIONS = YES;
				CLANG_WARN_DIRECT_OBJC_ISA_USAGE = YES_ERROR;
				CLANG_WARN_DOCUMENTATION_COMMENTS = YES;
				CLANG_WARN_EMPTY_BODY = YES;
				CLANG_WARN_ENUM_CONVERSION = YES;
				CLANG_WARN_INFINITE_RECURSION = YES;
				CLANG_WARN_INT_CONVERSION = YES;
				CLANG_WARN_NON_LITERAL_NULL_CONVERSION = YES;
				CLANG_WARN_OBJC_IMPLICIT_RETAIN_SELF = YES;
				CLANG_WARN_OBJC_LITERAL_CONVERSION = YES;
				CLANG_WARN_OBJC_ROOT_CLASS = YES_ERROR;
				CLANG_WARN_QUOTED_INCLUDE_IN_FRAMEWORK_HEADER = YES;
				CLANG_WARN_RANGE_LOOP_ANALYSIS = YES;
				CLANG_WARN_STRICT_PROTOTYPES = YES;
				CLANG_WARN_SUSPICIOUS_MOVE = YES;
				CLANG_WARN_UNGUARDED_AVAILABILITY = YES_AGGRESSIVE;
				CLANG_WARN_UNREACHABLE_CODE = YES;
				CLANG_WARN__DUPLICATE_METHOD_MATCH = YES;
				COPY_PHASE_STRIP = NO;
				DEBUG_INFORMATION_FORMAT = dwarf;
				ENABLE_STRICT_OBJC_MSGSEND = YES;
				ENABLE_TESTABILITY = YES;
				GCC_C_LANGUAGE_STANDARD = gnu11;
				GCC_DYNAMIC_NO_PIC = NO;
				GCC_NO_COMMON_BLOCKS = YES;
				GCC_OPTIMIZATION_LEVEL = 0;
				GCC_PREPROCESSOR_DEFINITIONS = (
					"DEBUG=1",
					"$(inherited)",
				);
				GCC_WARN_64_TO_32_BIT_CONVERSION = YES;
				GCC_WARN_ABOUT_RETURN_TYPE = YES_ERROR;
				GCC_WARN_UNDECLARED_SELECTOR = YES;
				GCC_WARN_UNINITIALIZED_AUTOS = YES_AGGRESSIVE;
				GCC_WARN_UNUSED_FUNCTION = YES;
				GCC_WARN_UNUSED_VARIABLE = YES;
				IPHONEOS_DEPLOYMENT_TARGET = 14.2;
				MTL_ENABLE_DEBUG_INFO = INCLUDE_SOURCE;
				MTL_FAST_MATH = YES;
				ONLY_ACTIVE_ARCH = YES;
				SDKROOT = iphoneos;
				SWIFT_ACTIVE_COMPILATION_CONDITIONS = DEBUG;
				SWIFT_OPTIMIZATION_LEVEL = "-Onone";
			};
			name = Debug;
		};
		5AAF9B9C259C044600CEEEDC /* Release */ = {
			isa = XCBuildConfiguration;
			buildSettings = {
				ALWAYS_SEARCH_USER_PATHS = NO;
				CLANG_ANALYZER_NONNULL = YES;
				CLANG_ANALYZER_NUMBER_OBJECT_CONVERSION = YES_AGGRESSIVE;
				CLANG_CXX_LANGUAGE_STANDARD = "gnu++14";
				CLANG_CXX_LIBRARY = "libc++";
				CLANG_ENABLE_MODULES = YES;
				CLANG_ENABLE_OBJC_ARC = YES;
				CLANG_ENABLE_OBJC_WEAK = YES;
				CLANG_WARN_BLOCK_CAPTURE_AUTORELEASING = YES;
				CLANG_WARN_BOOL_CONVERSION = YES;
				CLANG_WARN_COMMA = YES;
				CLANG_WARN_CONSTANT_CONVERSION = YES;
				CLANG_WARN_DEPRECATED_OBJC_IMPLEMENTATIONS = YES;
				CLANG_WARN_DIRECT_OBJC_ISA_USAGE = YES_ERROR;
				CLANG_WARN_DOCUMENTATION_COMMENTS = YES;
				CLANG_WARN_EMPTY_BODY = YES;
				CLANG_WARN_ENUM_CONVERSION = YES;
				CLANG_WARN_INFINITE_RECURSION = YES;
				CLANG_WARN_INT_CONVERSION = YES;
				CLANG_WARN_NON_LITERAL_NULL_CONVERSION = YES;
				CLANG_WARN_OBJC_IMPLICIT_RETAIN_SELF = YES;
				CLANG_WARN_OBJC_LITERAL_CONVERSION = YES;
				CLANG_WARN_OBJC_ROOT_CLASS = YES_ERROR;
				CLANG_WARN_QUOTED_INCLUDE_IN_FRAMEWORK_HEADER = YES;
				CLANG_WARN_RANGE_LOOP_ANALYSIS = YES;
				CLANG_WARN_STRICT_PROTOTYPES = YES;
				CLANG_WARN_SUSPICIOUS_MOVE = YES;
				CLANG_WARN_UNGUARDED_AVAILABILITY = YES_AGGRESSIVE;
				CLANG_WARN_UNREACHABLE_CODE = YES;
				CLANG_WARN__DUPLICATE_METHOD_MATCH = YES;
				COPY_PHASE_STRIP = NO;
				DEBUG_INFORMATION_FORMAT = "dwarf-with-dsym";
				ENABLE_NS_ASSERTIONS = NO;
				ENABLE_STRICT_OBJC_MSGSEND = YES;
				GCC_C_LANGUAGE_STANDARD = gnu11;
				GCC_NO_COMMON_BLOCKS = YES;
				GCC_WARN_64_TO_32_BIT_CONVERSION = YES;
				GCC_WARN_ABOUT_RETURN_TYPE = YES_ERROR;
				GCC_WARN_UNDECLARED_SELECTOR = YES;
				GCC_WARN_UNINITIALIZED_AUTOS = YES_AGGRESSIVE;
				GCC_WARN_UNUSED_FUNCTION = YES;
				GCC_WARN_UNUSED_VARIABLE = YES;
				IPHONEOS_DEPLOYMENT_TARGET = 14.2;
				MTL_ENABLE_DEBUG_INFO = NO;
				MTL_FAST_MATH = YES;
				SDKROOT = iphoneos;
				SWIFT_COMPILATION_MODE = wholemodule;
				SWIFT_OPTIMIZATION_LEVEL = "-O";
				VALIDATE_PRODUCT = YES;
			};
			name = Release;
		};
		5AAF9B9E259C044600CEEEDC /* Debug */ = {
			isa = XCBuildConfiguration;
			buildSettings = {
				ASSETCATALOG_COMPILER_APPICON_NAME = AppIcon;
				ASSETCATALOG_COMPILER_GLOBAL_ACCENT_COLOR_NAME = AccentColor;
				CODE_SIGN_STYLE = Automatic;
				DEVELOPMENT_ASSET_PATHS = "\"wesplit/Preview Content\"";
				ENABLE_PREVIEWS = YES;
				INFOPLIST_FILE = wesplit/Info.plist;
				IPHONEOS_DEPLOYMENT_TARGET = 14.0;
				LD_RUNPATH_SEARCH_PATHS = (
					"$(inherited)",
					"@executable_path/Frameworks",
				);
				PRODUCT_BUNDLE_IDENTIFIER = "shirin--mujeeb.wesplit";
				PRODUCT_NAME = "$(TARGET_NAME)";
				SWIFT_VERSION = 5.0;
				TARGETED_DEVICE_FAMILY = "1,2";
			};
			name = Debug;
		};
		5AAF9B9F259C044600CEEEDC /* Release */ = {
			isa = XCBuildConfiguration;
			buildSettings = {
				ASSETCATALOG_COMPILER_APPICON_NAME = AppIcon;
				ASSETCATALOG_COMPILER_GLOBAL_ACCENT_COLOR_NAME = AccentColor;
				CODE_SIGN_STYLE = Automatic;
				DEVELOPMENT_ASSET_PATHS = "\"wesplit/Preview Content\"";
				ENABLE_PREVIEWS = YES;
				INFOPLIST_FILE = wesplit/Info.plist;
				IPHONEOS_DEPLOYMENT_TARGET = 14.0;
				LD_RUNPATH_SEARCH_PATHS = (
					"$(inherited)",
					"@executable_path/Frameworks",
				);
				PRODUCT_BUNDLE_IDENTIFIER = "shirin--mujeeb.wesplit";
				PRODUCT_NAME = "$(TARGET_NAME)";
				SWIFT_VERSION = 5.0;
				TARGETED_DEVICE_FAMILY = "1,2";
			};
			name = Release;
		};
/* End XCBuildConfiguration section */

/* Begin XCConfigurationList section */
		5AAF9B89259C044100CEEEDC /* Build configuration list for PBXProject "wesplit" */ = {
			isa = XCConfigurationList;
			buildConfigurations = (
				5AAF9B9B259C044600CEEEDC /* Debug */,
				5AAF9B9C259C044600CEEEDC /* Release */,
			);
			defaultConfigurationIsVisible = 0;
			defaultConfigurationName = Release;
		};
		5AAF9B9D259C044600CEEEDC /* Build configuration list for PBXNativeTarget "wesplit" */ = {
			isa = XCConfigurationList;
			buildConfigurations = (
				5AAF9B9E259C044600CEEEDC /* Debug */,
				5AAF9B9F259C044600CEEEDC /* Release */,
			);
			defaultConfigurationIsVisible = 0;
			defaultConfigurationName = Release;
		};
/* End XCConfigurationList section */
	};
	rootObject = 5AAF9B86259C044100CEEEDC /* Project object */;
}
